
Microsoft Visual Studio Solution File, Format Version 12.00
# Visual Studio Version 17
VisualStudioVersion = 17.0.32112.339
MinimumVisualStudioVersion = 10.0.40219.1
Project("{FAE04EC0-301F-11D3-BF4B-00C04F79EFBC}") = "ConsoleDb", "ConsoleDb\ConsoleDb.csproj", "{5E5A7306-A36D-4D58-8A56-6C702D187D0C}"
EndProject
Project("{FAE04EC0-301F-11D3-BF4B-00C04F79EFBC}") = "ConsoleCodeFirst", "ConsoleCodeFirst\ConsoleCodeFirst.csproj", "{7C62A5C4-D4BC-4691-8B13-A4EF7EB0F895}"
EndProject
Global
	GlobalSection(SolutionConfigurationPlatforms) = preSolution
		Debug|Any CPU = Debug|Any CPU
		Release|Any CPU = Release|Any CPU
	EndGlobalSection
	GlobalSection(ProjectConfigurationPlatforms) = postSolution
		{5E5A7306-A36D-4D58-8A56-6C702D187D0C}.Debug|Any CPU.ActiveCfg = Debug|Any CPU
		{5E5A7306-A36D-4D58-8A56-6C702D187D0C}.Debug|Any CPU.Build.0 = Debug|Any CPU
		{5E5A7306-A36D-4D58-8A56-6C702D187D0C}.Release|Any CPU.ActiveCfg = Release|Any CPU
		{5E5A7306-A36D-4D58-8A56-6C702D187D0C}.Release|Any CPU.Build.0 = Release|Any CPU
		{7C62A5C4-D4BC-4691-8B13-A4EF7EB0F895}.Debug|Any CPU.ActiveCfg = Debug|Any CPU
		{7C62A5C4-D4BC-4691-8B13-A4EF7EB0F895}.Debug|Any CPU.Build.0 = Debug|Any CPU
		{7C62A5C4-D4BC-4691-8B13-A4EF7EB0F895}.Release|Any CPU.ActiveCfg = Release|Any CPU
		{7C62A5C4-D4BC-4691-8B13-A4EF7EB0F895}.Release|Any CPU.Build.0 = Release|Any CPU
	EndGlobalSection
	GlobalSection(SolutionProperties) = preSolution
		HideSolutionNode = FALSE
	EndGlobalSection
	GlobalSection(ExtensibilityGlobals) = postSolution
		SolutionGuid = {F52381A0-58A4-4820-8F46-6C386200B6C2}
	EndGlobalSection
EndGlobal
