
Microsoft Visual Studio Solution File, Format Version 12.00
# Visual Studio Version 17
VisualStudioVersion = 17.0.32126.317
MinimumVisualStudioVersion = 10.0.40219.1
Project("{FAE04EC0-301F-11D3-BF4B-00C04F79EFBC}") = "WebApp", "WebApp\WebApp.csproj", "{A208F667-3B80-4A6E-A470-5F9686ED6E89}"
EndProject
Global
	GlobalSection(SolutionConfigurationPlatforms) = preSolution
		Debug|Any CPU = Debug|Any CPU
		Release|Any CPU = Release|Any CPU
	EndGlobalSection
	GlobalSection(ProjectConfigurationPlatforms) = postSolution
		{A208F667-3B80-4A6E-A470-5F9686ED6E89}.Debug|Any CPU.ActiveCfg = Debug|Any CPU
		{A208F667-3B80-4A6E-A470-5F9686ED6E89}.Debug|Any CPU.Build.0 = Debug|Any CPU
		{A208F667-3B80-4A6E-A470-5F9686ED6E89}.Release|Any CPU.ActiveCfg = Release|Any CPU
		{A208F667-3B80-4A6E-A470-5F9686ED6E89}.Release|Any CPU.Build.0 = Release|Any CPU
	EndGlobalSection
	GlobalSection(SolutionProperties) = preSolution
		HideSolutionNode = FALSE
	EndGlobalSection
	GlobalSection(ExtensibilityGlobals) = postSolution
		SolutionGuid = {4B5AD7A7-39FC-4AD3-A260-D136A80530F4}
	EndGlobalSection
EndGlobal
